{
  "lockfileVersion": 1,
  "sources": {
    "anthropics/skills": {
      "requestedRef": "main",
      "resolvedRef": "1ed29a03dc852d30fa6ef2ca53a67dc2c2c2c563",
      "resolvedAt": "2026-02-17T09:49:59.986Z",
      "skills": {
        "skill-creator": {
          "integrity": "sha256-e141179cf76bbe3fdbd2616f1573b24b8abb3dca93676ca782d736c63a73c074"
        }
      }
    },
    "dyoshikawa/rulesync": {
      "requestedRef": "main",
      "resolvedRef": "46d318258ab34e8b5001f8dd66ebfd6dbbb80584",
      "resolvedAt": "2026-02-17T09:50:04.804Z",
      "skills": {
        "rulesync": {
          "integrity": "sha256-2a2b101754ccb3cab5365c3b7b66ccda3d32b9854b2af7532a14882baa85df32"
        }
      }
    }
  }
}
