{
  "lockfileVersion": 1,
  "sources": {
    "anthropics/skills": {
      "requestedRef": "main",
      "resolvedRef": "1ed29a03dc852d30fa6ef2ca53a67dc2c2c2c563",
      "resolvedAt": "2026-02-15T16:55:22.659Z",
      "skills": {
        "frontend-design": {
          "integrity": "sha256-537c1df9d0c694ecf9139a911f9ad0bd111a7ebc173a55457568459e543fe75b"
        },
        "skill-creator": {
          "integrity": "sha256-e141179cf76bbe3fdbd2616f1573b24b8abb3dca93676ca782d736c63a73c074"
        }
      }
    }
  }
}
